
Microsoft Visual Studio Solution File, Format Version 12.00
# Visual Studio Version 17
VisualStudioVersion = 17.4.33213.308
MinimumVisualStudioVersion = 10.0.40219.1
Project("{FAE04EC0-301F-11D3-BF4B-00C04F79EFBC}") = "NuriTiras1453B", "NuriTiras1453B\NuriTiras1453B.csproj", "{440AF787-E430-44B6-8AA9-421EAF291FF8}"
EndProject
Global
	GlobalSection(SolutionConfigurationPlatforms) = preSolution
		Debug|Any CPU = Debug|Any CPU
		Release|Any CPU = Release|Any CPU
	EndGlobalSection
	GlobalSection(ProjectConfigurationPlatforms) = postSolution
		{440AF787-E430-44B6-8AA9-421EAF291FF8}.Debug|Any CPU.ActiveCfg = Debug|Any CPU
		{440AF787-E430-44B6-8AA9-421EAF291FF8}.Debug|Any CPU.Build.0 = Debug|Any CPU
		{440AF787-E430-44B6-8AA9-421EAF291FF8}.Release|Any CPU.ActiveCfg = Release|Any CPU
		{440AF787-E430-44B6-8AA9-421EAF291FF8}.Release|Any CPU.Build.0 = Release|Any CPU
	EndGlobalSection
	GlobalSection(SolutionProperties) = preSolution
		HideSolutionNode = FALSE
	EndGlobalSection
	GlobalSection(ExtensibilityGlobals) = postSolution
		SolutionGuid = {7CAAC39D-1CE0-4E7F-90B5-681DB3978791}
	EndGlobalSection
EndGlobal
